
Microsoft Visual Studio Solution File, Format Version 12.00
# Visual Studio Version 16
VisualStudioVersion = 16.0.31729.503
MinimumVisualStudioVersion = 10.0.40219.1
Project("{FAE04EC0-301F-11D3-BF4B-00C04F79EFBC}") = "MultiselectDropdown", "MultiselectDropdown\MultiselectDropdown.csproj", "{9E008B83-E3CC-405E-8909-D31B553F52DB}"
EndProject
Global
	GlobalSection(SolutionConfigurationPlatforms) = preSolution
		Debug|Any CPU = Debug|Any CPU
		Release|Any CPU = Release|Any CPU
	EndGlobalSection
	GlobalSection(ProjectConfigurationPlatforms) = postSolution
		{9E008B83-E3CC-405E-8909-D31B553F52DB}.Debug|Any CPU.ActiveCfg = Debug|Any CPU
		{9E008B83-E3CC-405E-8909-D31B553F52DB}.Debug|Any CPU.Build.0 = Debug|Any CPU
		{9E008B83-E3CC-405E-8909-D31B553F52DB}.Release|Any CPU.ActiveCfg = Release|Any CPU
		{9E008B83-E3CC-405E-8909-D31B553F52DB}.Release|Any CPU.Build.0 = Release|Any CPU
	EndGlobalSection
	GlobalSection(SolutionProperties) = preSolution
		HideSolutionNode = FALSE
	EndGlobalSection
	GlobalSection(ExtensibilityGlobals) = postSolution
		SolutionGuid = {DB90F5E6-F16E-46D9-A8F0-1C5442778CE5}
	EndGlobalSection
EndGlobal
